
Microsoft Visual Studio Solution File, Format Version 12.00
# Visual Studio 15
VisualStudioVersion = 15.0.26730.12
MinimumVisualStudioVersion = 10.0.40219.1
Project("{FAE04EC0-301F-11D3-BF4B-00C04F79EFBC}") = "VNNLib", "VNNLib\VNNLib.csproj", "{E4255E83-6865-4E36-A35E-AF0034185CB2}"
EndProject
Project("{FAE04EC0-301F-11D3-BF4B-00C04F79EFBC}") = "VNNAddOn", "VNNAddOn\VNNAddOn.csproj", "{2A316EF1-C012-4002-A121-341BEFC7BC59}"
EndProject
Project("{FAE04EC0-301F-11D3-BF4B-00C04F79EFBC}") = "visualizer", "visualizer\visualizer.csproj", "{0F06BC80-304D-4D34-A707-05BFDBD8C79A}"
EndProject
Project("{FAE04EC0-301F-11D3-BF4B-00C04F79EFBC}") = "nndata", "nndata\nndata.csproj", "{34BFC607-52FD-4AFB-A98A-8AD082DC0CB5}"
EndProject
Project("{FAE04EC0-301F-11D3-BF4B-00C04F79EFBC}") = "StdTest", "StdTest\StdTest.csproj", "{B1B7C12F-194B-49EF-8FE1-3662F88ED64C}"
EndProject
Project("{FAE04EC0-301F-11D3-BF4B-00C04F79EFBC}") = "VNNCm", "VNNCm\VNNCm.csproj", "{C9FA0B1F-8338-4E52-8CB0-CDDE7CB10B00}"
EndProject
Global
	GlobalSection(SolutionConfigurationPlatforms) = preSolution
		Debug|Any CPU = Debug|Any CPU
		Debug|ARM = Debug|ARM
		Debug|x64 = Debug|x64
		Debug|x86 = Debug|x86
		Release|Any CPU = Release|Any CPU
		Release|ARM = Release|ARM
		Release|x64 = Release|x64
		Release|x86 = Release|x86
	EndGlobalSection
	GlobalSection(ProjectConfigurationPlatforms) = postSolution
		{E4255E83-6865-4E36-A35E-AF0034185CB2}.Debug|Any CPU.ActiveCfg = Debug|Any CPU
		{E4255E83-6865-4E36-A35E-AF0034185CB2}.Debug|Any CPU.Build.0 = Debug|Any CPU
		{E4255E83-6865-4E36-A35E-AF0034185CB2}.Debug|ARM.ActiveCfg = Debug|Any CPU
		{E4255E83-6865-4E36-A35E-AF0034185CB2}.Debug|ARM.Build.0 = Debug|Any CPU
		{E4255E83-6865-4E36-A35E-AF0034185CB2}.Debug|x64.ActiveCfg = Debug|Any CPU
		{E4255E83-6865-4E36-A35E-AF0034185CB2}.Debug|x64.Build.0 = Debug|Any CPU
		{E4255E83-6865-4E36-A35E-AF0034185CB2}.Debug|x86.ActiveCfg = Debug|Any CPU
		{E4255E83-6865-4E36-A35E-AF0034185CB2}.Debug|x86.Build.0 = Debug|Any CPU
		{E4255E83-6865-4E36-A35E-AF0034185CB2}.Release|Any CPU.ActiveCfg = Release|Any CPU
		{E4255E83-6865-4E36-A35E-AF0034185CB2}.Release|Any CPU.Build.0 = Release|Any CPU
		{E4255E83-6865-4E36-A35E-AF0034185CB2}.Release|ARM.ActiveCfg = Release|Any CPU
		{E4255E83-6865-4E36-A35E-AF0034185CB2}.Release|ARM.Build.0 = Release|Any CPU
		{E4255E83-6865-4E36-A35E-AF0034185CB2}.Release|x64.ActiveCfg = Release|Any CPU
		{E4255E83-6865-4E36-A35E-AF0034185CB2}.Release|x64.Build.0 = Release|Any CPU
		{E4255E83-6865-4E36-A35E-AF0034185CB2}.Release|x86.ActiveCfg = Release|Any CPU
		{E4255E83-6865-4E36-A35E-AF0034185CB2}.Release|x86.Build.0 = Release|Any CPU
		{2A316EF1-C012-4002-A121-341BEFC7BC59}.Debug|Any CPU.ActiveCfg = Debug|Any CPU
		{2A316EF1-C012-4002-A121-341BEFC7BC59}.Debug|Any CPU.Build.0 = Debug|Any CPU
		{2A316EF1-C012-4002-A121-341BEFC7BC59}.Debug|ARM.ActiveCfg = Debug|Any CPU
		{2A316EF1-C012-4002-A121-341BEFC7BC59}.Debug|ARM.Build.0 = Debug|Any CPU
		{2A316EF1-C012-4002-A121-341BEFC7BC59}.Debug|x64.ActiveCfg = Debug|Any CPU
		{2A316EF1-C012-4002-A121-341BEFC7BC59}.Debug|x64.Build.0 = Debug|Any CPU
		{2A316EF1-C012-4002-A121-341BEFC7BC59}.Debug|x86.ActiveCfg = Debug|Any CPU
		{2A316EF1-C012-4002-A121-341BEFC7BC59}.Debug|x86.Build.0 = Debug|Any CPU
		{2A316EF1-C012-4002-A121-341BEFC7BC59}.Release|Any CPU.ActiveCfg = Release|Any CPU
		{2A316EF1-C012-4002-A121-341BEFC7BC59}.Release|Any CPU.Build.0 = Release|Any CPU
		{2A316EF1-C012-4002-A121-341BEFC7BC59}.Release|ARM.ActiveCfg = Release|Any CPU
		{2A316EF1-C012-4002-A121-341BEFC7BC59}.Release|ARM.Build.0 = Release|Any CPU
		{2A316EF1-C012-4002-A121-341BEFC7BC59}.Release|x64.ActiveCfg = Release|Any CPU
		{2A316EF1-C012-4002-A121-341BEFC7BC59}.Release|x64.Build.0 = Release|Any CPU
		{2A316EF1-C012-4002-A121-341BEFC7BC59}.Release|x86.ActiveCfg = Release|Any CPU
		{2A316EF1-C012-4002-A121-341BEFC7BC59}.Release|x86.Build.0 = Release|Any CPU
		{0F06BC80-304D-4D34-A707-05BFDBD8C79A}.Debug|Any CPU.ActiveCfg = Debug|Any CPU
		{0F06BC80-304D-4D34-A707-05BFDBD8C79A}.Debug|Any CPU.Build.0 = Debug|Any CPU
		{0F06BC80-304D-4D34-A707-05BFDBD8C79A}.Debug|ARM.ActiveCfg = Debug|Any CPU
		{0F06BC80-304D-4D34-A707-05BFDBD8C79A}.Debug|ARM.Build.0 = Debug|Any CPU
		{0F06BC80-304D-4D34-A707-05BFDBD8C79A}.Debug|x64.ActiveCfg = Debug|Any CPU
		{0F06BC80-304D-4D34-A707-05BFDBD8C79A}.Debug|x64.Build.0 = Debug|Any CPU
		{0F06BC80-304D-4D34-A707-05BFDBD8C79A}.Debug|x86.ActiveCfg = Debug|Any CPU
		{0F06BC80-304D-4D34-A707-05BFDBD8C79A}.Debug|x86.Build.0 = Debug|Any CPU
		{0F06BC80-304D-4D34-A707-05BFDBD8C79A}.Release|Any CPU.ActiveCfg = Release|Any CPU
		{0F06BC80-304D-4D34-A707-05BFDBD8C79A}.Release|Any CPU.Build.0 = Release|Any CPU
		{0F06BC80-304D-4D34-A707-05BFDBD8C79A}.Release|ARM.ActiveCfg = Release|Any CPU
		{0F06BC80-304D-4D34-A707-05BFDBD8C79A}.Release|ARM.Build.0 = Release|Any CPU
		{0F06BC80-304D-4D34-A707-05BFDBD8C79A}.Release|x64.ActiveCfg = Release|Any CPU
		{0F06BC80-304D-4D34-A707-05BFDBD8C79A}.Release|x64.Build.0 = Release|Any CPU
		{0F06BC80-304D-4D34-A707-05BFDBD8C79A}.Release|x86.ActiveCfg = Release|Any CPU
		{0F06BC80-304D-4D34-A707-05BFDBD8C79A}.Release|x86.Build.0 = Release|Any CPU
		{34BFC607-52FD-4AFB-A98A-8AD082DC0CB5}.Debug|Any CPU.ActiveCfg = Debug|Any CPU
		{34BFC607-52FD-4AFB-A98A-8AD082DC0CB5}.Debug|Any CPU.Build.0 = Debug|Any CPU
		{34BFC607-52FD-4AFB-A98A-8AD082DC0CB5}.Debug|ARM.ActiveCfg = Debug|Any CPU
		{34BFC607-52FD-4AFB-A98A-8AD082DC0CB5}.Debug|ARM.Build.0 = Debug|Any CPU
		{34BFC607-52FD-4AFB-A98A-8AD082DC0CB5}.Debug|x64.ActiveCfg = Debug|Any CPU
		{34BFC607-52FD-4AFB-A98A-8AD082DC0CB5}.Debug|x64.Build.0 = Debug|Any CPU
		{34BFC607-52FD-4AFB-A98A-8AD082DC0CB5}.Debug|x86.ActiveCfg = Debug|Any CPU
		{34BFC607-52FD-4AFB-A98A-8AD082DC0CB5}.Debug|x86.Build.0 = Debug|Any CPU
		{34BFC607-52FD-4AFB-A98A-8AD082DC0CB5}.Release|Any CPU.ActiveCfg = Release|Any CPU
		{34BFC607-52FD-4AFB-A98A-8AD082DC0CB5}.Release|Any CPU.Build.0 = Release|Any CPU
		{34BFC607-52FD-4AFB-A98A-8AD082DC0CB5}.Release|ARM.ActiveCfg = Release|Any CPU
		{34BFC607-52FD-4AFB-A98A-8AD082DC0CB5}.Release|ARM.Build.0 = Release|Any CPU
		{34BFC607-52FD-4AFB-A98A-8AD082DC0CB5}.Release|x64.ActiveCfg = Release|Any CPU
		{34BFC607-52FD-4AFB-A98A-8AD082DC0CB5}.Release|x64.Build.0 = Release|Any CPU
		{34BFC607-52FD-4AFB-A98A-8AD082DC0CB5}.Release|x86.ActiveCfg = Release|Any CPU
		{34BFC607-52FD-4AFB-A98A-8AD082DC0CB5}.Release|x86.Build.0 = Release|Any CPU
		{B1B7C12F-194B-49EF-8FE1-3662F88ED64C}.Debug|Any CPU.ActiveCfg = Debug|Any CPU
		{B1B7C12F-194B-49EF-8FE1-3662F88ED64C}.Debug|Any CPU.Build.0 = Debug|Any CPU
		{B1B7C12F-194B-49EF-8FE1-3662F88ED64C}.Debug|ARM.ActiveCfg = Debug|Any CPU
		{B1B7C12F-194B-49EF-8FE1-3662F88ED64C}.Debug|ARM.Build.0 = Debug|Any CPU
		{B1B7C12F-194B-49EF-8FE1-3662F88ED64C}.Debug|x64.ActiveCfg = Debug|Any CPU
		{B1B7C12F-194B-49EF-8FE1-3662F88ED64C}.Debug|x64.Build.0 = Debug|Any CPU
		{B1B7C12F-194B-49EF-8FE1-3662F88ED64C}.Debug|x86.ActiveCfg = Debug|Any CPU
		{B1B7C12F-194B-49EF-8FE1-3662F88ED64C}.Debug|x86.Build.0 = Debug|Any CPU
		{B1B7C12F-194B-49EF-8FE1-3662F88ED64C}.Release|Any CPU.ActiveCfg = Release|Any CPU
		{B1B7C12F-194B-49EF-8FE1-3662F88ED64C}.Release|Any CPU.Build.0 = Release|Any CPU
		{B1B7C12F-194B-49EF-8FE1-3662F88ED64C}.Release|ARM.ActiveCfg = Release|Any CPU
		{B1B7C12F-194B-49EF-8FE1-3662F88ED64C}.Release|ARM.Build.0 = Release|Any CPU
		{B1B7C12F-194B-49EF-8FE1-3662F88ED64C}.Release|x64.ActiveCfg = Release|Any CPU
		{B1B7C12F-194B-49EF-8FE1-3662F88ED64C}.Release|x64.Build.0 = Release|Any CPU
		{B1B7C12F-194B-49EF-8FE1-3662F88ED64C}.Release|x86.ActiveCfg = Release|Any CPU
		{B1B7C12F-194B-49EF-8FE1-3662F88ED64C}.Release|x86.Build.0 = Release|Any CPU
		{C9FA0B1F-8338-4E52-8CB0-CDDE7CB10B00}.Debug|Any CPU.ActiveCfg = Debug|Any CPU
		{C9FA0B1F-8338-4E52-8CB0-CDDE7CB10B00}.Debug|Any CPU.Build.0 = Debug|Any CPU
		{C9FA0B1F-8338-4E52-8CB0-CDDE7CB10B00}.Debug|ARM.ActiveCfg = Debug|Any CPU
		{C9FA0B1F-8338-4E52-8CB0-CDDE7CB10B00}.Debug|ARM.Build.0 = Debug|Any CPU
		{C9FA0B1F-8338-4E52-8CB0-CDDE7CB10B00}.Debug|x64.ActiveCfg = Debug|Any CPU
		{C9FA0B1F-8338-4E52-8CB0-CDDE7CB10B00}.Debug|x64.Build.0 = Debug|Any CPU
		{C9FA0B1F-8338-4E52-8CB0-CDDE7CB10B00}.Debug|x86.ActiveCfg = Debug|Any CPU
		{C9FA0B1F-8338-4E52-8CB0-CDDE7CB10B00}.Debug|x86.Build.0 = Debug|Any CPU
		{C9FA0B1F-8338-4E52-8CB0-CDDE7CB10B00}.Release|Any CPU.ActiveCfg = Release|Any CPU
		{C9FA0B1F-8338-4E52-8CB0-CDDE7CB10B00}.Release|Any CPU.Build.0 = Release|Any CPU
		{C9FA0B1F-8338-4E52-8CB0-CDDE7CB10B00}.Release|ARM.ActiveCfg = Release|Any CPU
		{C9FA0B1F-8338-4E52-8CB0-CDDE7CB10B00}.Release|ARM.Build.0 = Release|Any CPU
		{C9FA0B1F-8338-4E52-8CB0-CDDE7CB10B00}.Release|x64.ActiveCfg = Release|Any CPU
		{C9FA0B1F-8338-4E52-8CB0-CDDE7CB10B00}.Release|x64.Build.0 = Release|Any CPU
		{C9FA0B1F-8338-4E52-8CB0-CDDE7CB10B00}.Release|x86.ActiveCfg = Release|Any CPU
		{C9FA0B1F-8338-4E52-8CB0-CDDE7CB10B00}.Release|x86.Build.0 = Release|Any CPU
	EndGlobalSection
	GlobalSection(SolutionProperties) = preSolution
		HideSolutionNode = FALSE
	EndGlobalSection
	GlobalSection(ExtensibilityGlobals) = postSolution
		SolutionGuid = {C497E320-1C42-4F38-8E56-A1DF22C82072}
	EndGlobalSection
EndGlobal
